
Microsoft Visual Studio Solution File, Format Version 12.00
Project("{FAE04EC0-301F-11D3-BF4B-00C04F79EFBC}") = "gRPC Client", "gRPC Client\gRPC Client.csproj", "{71C8C437-0608-41F7-BC43-C2E93CC5D81E}"
EndProject
Global
	GlobalSection(SolutionConfigurationPlatforms) = preSolution
		Debug|Any CPU = Debug|Any CPU
		Release|Any CPU = Release|Any CPU
	EndGlobalSection
	GlobalSection(ProjectConfigurationPlatforms) = postSolution
		{71C8C437-0608-41F7-BC43-C2E93CC5D81E}.Debug|Any CPU.ActiveCfg = Debug|Any CPU
		{71C8C437-0608-41F7-BC43-C2E93CC5D81E}.Debug|Any CPU.Build.0 = Debug|Any CPU
		{71C8C437-0608-41F7-BC43-C2E93CC5D81E}.Release|Any CPU.ActiveCfg = Release|Any CPU
		{71C8C437-0608-41F7-BC43-C2E93CC5D81E}.Release|Any CPU.Build.0 = Release|Any CPU
	EndGlobalSection
EndGlobal
